
Microsoft Visual Studio Solution File, Format Version 12.00
# Visual Studio Version 16
VisualStudioVersion = 16.0.30225.117
MinimumVisualStudioVersion = 10.0.40219.1
Project("{FAE04EC0-301F-11D3-BF4B-00C04F79EFBC}") = "ParkyApi", "ParkyApi\ParkyApi.csproj", "{A811816C-D477-4467-9784-ADDA8FFA7267}"
EndProject
Global
	GlobalSection(SolutionConfigurationPlatforms) = preSolution
		Debug|Any CPU = Debug|Any CPU
		Release|Any CPU = Release|Any CPU
	EndGlobalSection
	GlobalSection(ProjectConfigurationPlatforms) = postSolution
		{A811816C-D477-4467-9784-ADDA8FFA7267}.Debug|Any CPU.ActiveCfg = Debug|Any CPU
		{A811816C-D477-4467-9784-ADDA8FFA7267}.Debug|Any CPU.Build.0 = Debug|Any CPU
		{A811816C-D477-4467-9784-ADDA8FFA7267}.Release|Any CPU.ActiveCfg = Release|Any CPU
		{A811816C-D477-4467-9784-ADDA8FFA7267}.Release|Any CPU.Build.0 = Release|Any CPU
	EndGlobalSection
	GlobalSection(SolutionProperties) = preSolution
		HideSolutionNode = FALSE
	EndGlobalSection
	GlobalSection(ExtensibilityGlobals) = postSolution
		SolutionGuid = {D4D411FD-B7C6-44F3-8396-292DBB47402E}
	EndGlobalSection
EndGlobal
